{
  "name": "VueJs",
  "version": "1.0.0",
  "lockfileVersion": 3,
  "requires": true,
  "packages": {
    "": {
      "name": "VueJs",
      "version": "1.0.0",
      "dependencies": {
        "bootstrap": "^4.3.1",
        "jquery": "^3.4.1",
        "vue": "^2.6.10",
        "vue-router": "^3.0.6",
        "vuejs": "^3.0.1"
      }
    },
    "node_modules/bootstrap": {
      "version": "4.3.1",
      "resolved": "https://registry.npmjs.org/bootstrap/-/bootstrap-4.3.1.tgz",
      "integrity": "sha512-rXqOmH1VilAt2DyPzluTi2blhk17bO7ef+zLLPlWvG494pDxcM234pJ8wTc/6R40UWizAIIMgxjvxZg5kmsbag==",
      "engines": {
        "node": ">=6"
      },
      "peerDependencies": {
        "jquery": "1.9.1 - 3",
        "popper.js": "^1.14.7"
      }
    },
    "node_modules/jquery": {
      "version": "3.4.1",
      "resolved": "https://registry.npmjs.org/jquery/-/jquery-3.4.1.tgz",
      "integrity": "sha512-36+AdBzCL+y6qjw5Tx7HgzeGCzC81MDDgaUP8ld2zhx58HdqXGoBd+tHdrBMiyjGQs0Hxs/MLZTu/eHNJJuWPw=="
    },
    "node_modules/vue": {
      "version": "2.6.10",
      "resolved": "https://registry.npmjs.org/vue/-/vue-2.6.10.tgz",
      "integrity": "sha512-ImThpeNU9HbdZL3utgMCq0oiMzAkt1mcgy3/E6zWC/G6AaQoeuFdsl9nDhTDU3X1R6FK7nsIUuRACVcjI+A2GQ==",
      "deprecated": "Vue 2 has reached EOL and is no longer actively maintained. See https://v2.vuejs.org/eol/ for more details."
    },
    "node_modules/vue-router": {
      "version": "3.0.6",
      "resolved": "https://registry.npmjs.org/vue-router/-/vue-router-3.0.6.tgz",
      "integrity": "sha512-Ox0ciFLswtSGRTHYhGvx2L44sVbTPNS+uD2kRISuo8B39Y79rOo0Kw0hzupTmiVtftQYCZl87mwldhh2L9Aquw=="
    },
    "node_modules/vuejs": {
      "version": "3.0.1",
      "resolved": "https://registry.npmjs.org/vuejs/-/vuejs-3.0.1.tgz",
      "integrity": "sha512-7SBlojmqoRX8/GIyWU+4U2sZsefLY+KrD0z7F20G9xsDcQOu6vAlWOqcPAKp+Ym4u394budHBRFv8t36cPxUxg==",
      "deprecated": "Package no longer supported. Please use the vue package instead. Contact support@npmjs.com for more info."
    }
  }
}
